
Microsoft Visual Studio Solution File, Format Version 12.00
# Visual Studio Version 16
VisualStudioVersion = 16.0.30503.244
MinimumVisualStudioVersion = 10.0.40219.1
Project("{FAE04EC0-301F-11D3-BF4B-00C04F79EFBC}") = "EXAM", "EXAM\EXAM.csproj", "{96FEC6C5-9B7B-4907-B1DE-F14B827F4480}"
EndProject
Global
	GlobalSection(SolutionConfigurationPlatforms) = preSolution
		Debug|Any CPU = Debug|Any CPU
		Release|Any CPU = Release|Any CPU
	EndGlobalSection
	GlobalSection(ProjectConfigurationPlatforms) = postSolution
		{96FEC6C5-9B7B-4907-B1DE-F14B827F4480}.Debug|Any CPU.ActiveCfg = Debug|Any CPU
		{96FEC6C5-9B7B-4907-B1DE-F14B827F4480}.Debug|Any CPU.Build.0 = Debug|Any CPU
		{96FEC6C5-9B7B-4907-B1DE-F14B827F4480}.Release|Any CPU.ActiveCfg = Release|Any CPU
		{96FEC6C5-9B7B-4907-B1DE-F14B827F4480}.Release|Any CPU.Build.0 = Release|Any CPU
	EndGlobalSection
	GlobalSection(SolutionProperties) = preSolution
		HideSolutionNode = FALSE
	EndGlobalSection
	GlobalSection(ExtensibilityGlobals) = postSolution
		SolutionGuid = {A9E8DC8F-C598-478D-95A2-B2B5B86413BE}
	EndGlobalSection
EndGlobal
